
Microsoft Visual Studio Solution File, Format Version 12.00
# Visual Studio Version 17
VisualStudioVersion = 17.10.35013.160
MinimumVisualStudioVersion = 10.0.40219.1
Project("{9A19103F-16F7-4668-BE54-9A1E7A4F7556}") = "BananaCars", "BananaCars\BananaCars.csproj", "{4A055C44-F6E2-411B-B59B-77B31DF6CB42}"
EndProject
Global
	GlobalSection(SolutionConfigurationPlatforms) = preSolution
		Debug|Any CPU = Debug|Any CPU
		Release|Any CPU = Release|Any CPU
	EndGlobalSection
	GlobalSection(ProjectConfigurationPlatforms) = postSolution
		{4A055C44-F6E2-411B-B59B-77B31DF6CB42}.Debug|Any CPU.ActiveCfg = Debug|Any CPU
		{4A055C44-F6E2-411B-B59B-77B31DF6CB42}.Debug|Any CPU.Build.0 = Debug|Any CPU
		{4A055C44-F6E2-411B-B59B-77B31DF6CB42}.Release|Any CPU.ActiveCfg = Release|Any CPU
		{4A055C44-F6E2-411B-B59B-77B31DF6CB42}.Release|Any CPU.Build.0 = Release|Any CPU
	EndGlobalSection
	GlobalSection(SolutionProperties) = preSolution
		HideSolutionNode = FALSE
	EndGlobalSection
	GlobalSection(ExtensibilityGlobals) = postSolution
		SolutionGuid = {18FD5E52-AA17-46ED-A84A-7207911F5AFB}
	EndGlobalSection
EndGlobal
